
Microsoft Visual Studio Solution File, Format Version 12.00
# Visual Studio Version 17
VisualStudioVersion = 17.4.33213.308
MinimumVisualStudioVersion = 10.0.40219.1
Project("{FAE04EC0-301F-11D3-BF4B-00C04F79EFBC}") = "FibonacciRecursion", "FibonacciRecursion\FibonacciRecursion.csproj", "{BD405150-3069-4242-BC25-733C750C8F2B}"
EndProject
Global
	GlobalSection(SolutionConfigurationPlatforms) = preSolution
		Debug|Any CPU = Debug|Any CPU
		Release|Any CPU = Release|Any CPU
	EndGlobalSection
	GlobalSection(ProjectConfigurationPlatforms) = postSolution
		{BD405150-3069-4242-BC25-733C750C8F2B}.Debug|Any CPU.ActiveCfg = Debug|Any CPU
		{BD405150-3069-4242-BC25-733C750C8F2B}.Debug|Any CPU.Build.0 = Debug|Any CPU
		{BD405150-3069-4242-BC25-733C750C8F2B}.Release|Any CPU.ActiveCfg = Release|Any CPU
		{BD405150-3069-4242-BC25-733C750C8F2B}.Release|Any CPU.Build.0 = Release|Any CPU
	EndGlobalSection
	GlobalSection(SolutionProperties) = preSolution
		HideSolutionNode = FALSE
	EndGlobalSection
	GlobalSection(ExtensibilityGlobals) = postSolution
		SolutionGuid = {4F9E4B5D-7238-4DFE-8F17-9B59F639E8E5}
	EndGlobalSection
EndGlobal
